{
  "name": "crazyloops-piece-runtime",
  "version": "0.0.0",
  "lockfileVersion": 3,
  "requires": true,
  "packages": {
    "": {
      "name": "crazyloops-piece-runtime",
      "version": "0.0.0",
      "dependencies": {
        "@activepieces/piece-hubspot": "0.8.10"
      }
    },
    "node_modules/@activepieces/piece-hubspot": {
      "version": "0.8.10",
      "resolved": "https://registry.npmjs.org/@activepieces/piece-hubspot/-/piece-hubspot-0.8.10.tgz",
      "integrity": "sha512-P3svTd/XaaPhYfsOSz6YpgdfNcARRawqAddBGtJUxW/Grbc5InTdsvddlgSdyQtJxH+3UpxrKAR1VjlGJ4hfNA=="
    }
  }
}
